// !$*UTF8*$!
{
	archiveVersion = 1;
	classes = {
	};
	objectVersion = 46;
	objects = {

/* Begin PBXBuildFile section */
		F2BD65B21BDB01B600D189F3 /* namePrinter.cpp in Sources */ = {isa = PBXBuildFile; fileRef = F2BD65B01BDB01B600D189F3 /* namePrinter.cpp */; };
		F2BD65B51BDB0B7A00D189F3 /* EscapeSequence.cpp in Sources */ = {isa = PBXBuildFile; fileRef = F2BD65B31BDB0B7A00D189F3 /* EscapeSequence.cpp */; };
		F2BD65B81BDB37E400D189F3 /* PositiveOrNegative.cpp in Sources */ = {isa = PBXBuildFile; fileRef = F2BD65B61BDB37E400D189F3 /* PositiveOrNegative.cpp */; };
		F2BD65BB1BDB39E900D189F3 /* FindTheLargestNumber.cpp in Sources */ = {isa = PBXBuildFile; fileRef = F2BD65B91BDB39E900D189F3 /* FindTheLargestNumber.cpp */; };
		F2BD65BE1BDB3E0800D189F3 /* MultiplicationTables.cpp in Sources */ = {isa = PBXBuildFile; fileRef = F2BD65BC1BDB3E0800D189F3 /* MultiplicationTables.cpp */; };
		F2BD65C11BDB43F500D189F3 /* FindTheFactorial.cpp in Sources */ = {isa = PBXBuildFile; fileRef = F2BD65BF1BDB43F500D189F3 /* FindTheFactorial.cpp */; };
		F2BD65C41BDB5B5100D189F3 /* SwitchStatements.cpp in Sources */ = {isa = PBXBuildFile; fileRef = F2BD65C21BDB5B5100D189F3 /* SwitchStatements.cpp */; };
		F2BD65C71BDB871900D189F3 /* Functions.cpp in Sources */ = {isa = PBXBuildFile; fileRef = F2BD65C51BDB871900D189F3 /* Functions.cpp */; };
		F2BD65CA1BDB98C100D189F3 /* TwoDimensionalArrays.cpp in Sources */ = {isa = PBXBuildFile; fileRef = F2BD65C81BDB98C100D189F3 /* TwoDimensionalArrays.cpp */; };
		F2BD65CD1BDBA46300D189F3 /* StringPractice.cpp in Sources */ = {isa = PBXBuildFile; fileRef = F2BD65CB1BDBA46300D189F3 /* StringPractice.cpp */; };
		F2CB0B991BD8138900432562 /* firstProgram.cpp in Sources */ = {isa = PBXBuildFile; fileRef = F2CB0B971BD8138900432562 /* firstProgram.cpp */; };
		F2CB0B9C1BD8463600432562 /* gallonToLiters.cpp in Sources */ = {isa = PBXBuildFile; fileRef = F2CB0B9A1BD8463600432562 /* gallonToLiters.cpp */; };
		F2CB0BA21BD8531100432562 /* SwapTwoNumbers.cpp in Sources */ = {isa = PBXBuildFile; fileRef = F2CB0BA01BD8531100432562 /* SwapTwoNumbers.cpp */; };
/* End PBXBuildFile section */

/* Begin PBXCopyFilesBuildPhase section */
		F2CB0B871BD7A90200432562 /* CopyFiles */ = {
			isa = PBXCopyFilesBuildPhase;
			buildActionMask = 2147483647;
			dstPath = /usr/share/man/man1/;
			dstSubfolderSpec = 0;
			files = (
			);
			runOnlyForDeploymentPostprocessing = 1;
		};
/* End PBXCopyFilesBuildPhase section */

/* Begin PBXFileReference section */
		F2BD65B01BDB01B600D189F3 /* namePrinter.cpp */ = {isa = PBXFileReference; fileEncoding = 4; lastKnownFileType = sourcecode.cpp.cpp; path = namePrinter.cpp; sourceTree = "<group>"; };
		F2BD65B11BDB01B600D189F3 /* namePrinter.hpp */ = {isa = PBXFileReference; fileEncoding = 4; lastKnownFileType = sourcecode.cpp.h; path = namePrinter.hpp; sourceTree = "<group>"; };
		F2BD65B31BDB0B7A00D189F3 /* EscapeSequence.cpp */ = {isa = PBXFileReference; fileEncoding = 4; lastKnownFileType = sourcecode.cpp.cpp; path = EscapeSequence.cpp; sourceTree = "<group>"; };
		F2BD65B41BDB0B7A00D189F3 /* EscapeSequence.hpp */ = {isa = PBXFileReference; fileEncoding = 4; lastKnownFileType = sourcecode.cpp.h; path = EscapeSequence.hpp; sourceTree = "<group>"; };
		F2BD65B61BDB37E400D189F3 /* PositiveOrNegative.cpp */ = {isa = PBXFileReference; fileEncoding = 4; lastKnownFileType = sourcecode.cpp.cpp; path = PositiveOrNegative.cpp; sourceTree = "<group>"; };
		F2BD65B71BDB37E400D189F3 /* PositiveOrNegative.hpp */ = {isa = PBXFileReference; fileEncoding = 4; lastKnownFileType = sourcecode.cpp.h; path = PositiveOrNegative.hpp; sourceTree = "<group>"; };
		F2BD65B91BDB39E900D189F3 /* FindTheLargestNumber.cpp */ = {isa = PBXFileReference; fileEncoding = 4; lastKnownFileType = sourcecode.cpp.cpp; path = FindTheLargestNumber.cpp; sourceTree = "<group>"; };
		F2BD65BA1BDB39E900D189F3 /* FindTheLargestNumber.hpp */ = {isa = PBXFileReference; fileEncoding = 4; lastKnownFileType = sourcecode.cpp.h; path = FindTheLargestNumber.hpp; sourceTree = "<group>"; };
		F2BD65BC1BDB3E0800D189F3 /* MultiplicationTables.cpp */ = {isa = PBXFileReference; fileEncoding = 4; lastKnownFileType = sourcecode.cpp.cpp; path = MultiplicationTables.cpp; sourceTree = "<group>"; };
		F2BD65BD1BDB3E0800D189F3 /* MultiplicationTables.hpp */ = {isa = PBXFileReference; fileEncoding = 4; lastKnownFileType = sourcecode.cpp.h; path = MultiplicationTables.hpp; sourceTree = "<group>"; };
		F2BD65BF1BDB43F500D189F3 /* FindTheFactorial.cpp */ = {isa = PBXFileReference; fileEncoding = 4; lastKnownFileType = sourcecode.cpp.cpp; path = FindTheFactorial.cpp; sourceTree = "<group>"; };
		F2BD65C01BDB43F500D189F3 /* FindTheFactorial.hpp */ = {isa = PBXFileReference; fileEncoding = 4; lastKnownFileType = sourcecode.cpp.h; path = FindTheFactorial.hpp; sourceTree = "<group>"; };
		F2BD65C21BDB5B5100D189F3 /* SwitchStatements.cpp */ = {isa = PBXFileReference; fileEncoding = 4; lastKnownFileType = sourcecode.cpp.cpp; path = SwitchStatements.cpp; sourceTree = "<group>"; };
		F2BD65C31BDB5B5100D189F3 /* SwitchStatements.hpp */ = {isa = PBXFileReference; fileEncoding = 4; lastKnownFileType = sourcecode.cpp.h; path = SwitchStatements.hpp; sourceTree = "<group>"; };
		F2BD65C51BDB871900D189F3 /* Functions.cpp */ = {isa = PBXFileReference; fileEncoding = 4; lastKnownFileType = sourcecode.cpp.cpp; path = Functions.cpp; sourceTree = "<group>"; };
		F2BD65C61BDB871900D189F3 /* Functions.hpp */ = {isa = PBXFileReference; fileEncoding = 4; lastKnownFileType = sourcecode.cpp.h; path = Functions.hpp; sourceTree = "<group>"; };
		F2BD65C81BDB98C100D189F3 /* TwoDimensionalArrays.cpp */ = {isa = PBXFileReference; fileEncoding = 4; lastKnownFileType = sourcecode.cpp.cpp; path = TwoDimensionalArrays.cpp; sourceTree = "<group>"; };
		F2BD65C91BDB98C100D189F3 /* TwoDimensionalArrays.hpp */ = {isa = PBXFileReference; fileEncoding = 4; lastKnownFileType = sourcecode.cpp.h; path = TwoDimensionalArrays.hpp; sourceTree = "<group>"; };
		F2BD65CB1BDBA46300D189F3 /* StringPractice.cpp */ = {isa = PBXFileReference; fileEncoding = 4; lastKnownFileType = sourcecode.cpp.cpp; path = StringPractice.cpp; sourceTree = "<group>"; };
		F2BD65CC1BDBA46300D189F3 /* StringPractice.hpp */ = {isa = PBXFileReference; fileEncoding = 4; lastKnownFileType = sourcecode.cpp.h; path = StringPractice.hpp; sourceTree = "<group>"; };
		F2CB0B891BD7A90200432562 /* FirstCPPFile */ = {isa = PBXFileReference; explicitFileType = "compiled.mach-o.executable"; includeInIndex = 0; path = FirstCPPFile; sourceTree = BUILT_PRODUCTS_DIR; };
		F2CB0B971BD8138900432562 /* firstProgram.cpp */ = {isa = PBXFileReference; fileEncoding = 4; lastKnownFileType = sourcecode.cpp.cpp; name = firstProgram.cpp; path = ../firstProgram.cpp; sourceTree = "<group>"; };
		F2CB0B981BD8138900432562 /* firstProgram.hpp */ = {isa = PBXFileReference; fileEncoding = 4; lastKnownFileType = sourcecode.cpp.h; name = firstProgram.hpp; path = ../firstProgram.hpp; sourceTree = "<group>"; };
		F2CB0B9A1BD8463600432562 /* gallonToLiters.cpp */ = {isa = PBXFileReference; fileEncoding = 4; lastKnownFileType = sourcecode.cpp.cpp; name = gallonToLiters.cpp; path = ../gallonToLiters.cpp; sourceTree = "<group>"; };
		F2CB0B9B1BD8463600432562 /* gallonToLiters.hpp */ = {isa = PBXFileReference; fileEncoding = 4; lastKnownFileType = sourcecode.cpp.h; name = gallonToLiters.hpp; path = ../gallonToLiters.hpp; sourceTree = "<group>"; };
		F2CB0BA01BD8531100432562 /* SwapTwoNumbers.cpp */ = {isa = PBXFileReference; fileEncoding = 4; lastKnownFileType = sourcecode.cpp.cpp; path = SwapTwoNumbers.cpp; sourceTree = "<group>"; };
		F2CB0BA11BD8531100432562 /* SwapTwoNumbers.hpp */ = {isa = PBXFileReference; fileEncoding = 4; lastKnownFileType = sourcecode.cpp.h; path = SwapTwoNumbers.hpp; sourceTree = "<group>"; };
/* End PBXFileReference section */

/* Begin PBXFrameworksBuildPhase section */
		F2CB0B861BD7A90200432562 /* Frameworks */ = {
			isa = PBXFrameworksBuildPhase;
			buildActionMask = 2147483647;
			files = (
			);
			runOnlyForDeploymentPostprocessing = 0;
		};
/* End PBXFrameworksBuildPhase section */

/* Begin PBXGroup section */
		F2CB0B801BD7A90200432562 = {
			isa = PBXGroup;
			children = (
				F2CB0B8B1BD7A90200432562 /* FirstCPPFile */,
				F2CB0B8A1BD7A90200432562 /* Products */,
			);
			sourceTree = "<group>";
		};
		F2CB0B8A1BD7A90200432562 /* Products */ = {
			isa = PBXGroup;
			children = (
				F2CB0B891BD7A90200432562 /* FirstCPPFile */,
			);
			name = Products;
			sourceTree = "<group>";
		};
		F2CB0B8B1BD7A90200432562 /* FirstCPPFile */ = {
			isa = PBXGroup;
			children = (
				F2CB0B971BD8138900432562 /* firstProgram.cpp */,
				F2CB0B981BD8138900432562 /* firstProgram.hpp */,
				F2CB0B9A1BD8463600432562 /* gallonToLiters.cpp */,
				F2CB0B9B1BD8463600432562 /* gallonToLiters.hpp */,
				F2CB0BA01BD8531100432562 /* SwapTwoNumbers.cpp */,
				F2CB0BA11BD8531100432562 /* SwapTwoNumbers.hpp */,
				F2BD65B01BDB01B600D189F3 /* namePrinter.cpp */,
				F2BD65B11BDB01B600D189F3 /* namePrinter.hpp */,
				F2BD65B61BDB37E400D189F3 /* PositiveOrNegative.cpp */,
				F2BD65B91BDB39E900D189F3 /* FindTheLargestNumber.cpp */,
				F2BD65BC1BDB3E0800D189F3 /* MultiplicationTables.cpp */,
				F2BD65BF1BDB43F500D189F3 /* FindTheFactorial.cpp */,
				F2BD65C01BDB43F500D189F3 /* FindTheFactorial.hpp */,
				F2BD65C21BDB5B5100D189F3 /* SwitchStatements.cpp */,
				F2BD65C31BDB5B5100D189F3 /* SwitchStatements.hpp */,
				F2BD65C51BDB871900D189F3 /* Functions.cpp */,
				F2BD65C81BDB98C100D189F3 /* TwoDimensionalArrays.cpp */,
				F2BD65CB1BDBA46300D189F3 /* StringPractice.cpp */,
				F2BD65CC1BDBA46300D189F3 /* StringPractice.hpp */,
				F2BD65C91BDB98C100D189F3 /* TwoDimensionalArrays.hpp */,
				F2BD65C61BDB871900D189F3 /* Functions.hpp */,
				F2BD65BD1BDB3E0800D189F3 /* MultiplicationTables.hpp */,
				F2BD65BA1BDB39E900D189F3 /* FindTheLargestNumber.hpp */,
				F2BD65B71BDB37E400D189F3 /* PositiveOrNegative.hpp */,
				F2BD65B31BDB0B7A00D189F3 /* EscapeSequence.cpp */,
				F2BD65B41BDB0B7A00D189F3 /* EscapeSequence.hpp */,
			);
			path = FirstCPPFile;
			sourceTree = "<group>";
		};
/* End PBXGroup section */

/* Begin PBXNativeTarget section */
		F2CB0B881BD7A90200432562 /* FirstCPPFile */ = {
			isa = PBXNativeTarget;
			buildConfigurationList = F2CB0B901BD7A90200432562 /* Build configuration list for PBXNativeTarget "FirstCPPFile" */;
			buildPhases = (
				F2CB0B851BD7A90200432562 /* Sources */,
				F2CB0B861BD7A90200432562 /* Frameworks */,
				F2CB0B871BD7A90200432562 /* CopyFiles */,
			);
			buildRules = (
			);
			dependencies = (
			);
			name = FirstCPPFile;
			productName = FirstCPPFile;
			productReference = F2CB0B891BD7A90200432562 /* FirstCPPFile */;
			productType = "com.apple.product-type.tool";
		};
/* End PBXNativeTarget section */

/* Begin PBXProject section */
		F2CB0B811BD7A90200432562 /* Project object */ = {
			isa = PBXProject;
			attributes = {
				LastUpgradeCheck = 0700;
				ORGANIZATIONNAME = Wahoo;
				TargetAttributes = {
					F2CB0B881BD7A90200432562 = {
						CreatedOnToolsVersion = 7.0.1;
					};
				};
			};
			buildConfigurationList = F2CB0B841BD7A90200432562 /* Build configuration list for PBXProject "FirstCPPFile" */;
			compatibilityVersion = "Xcode 3.2";
			developmentRegion = English;
			hasScannedForEncodings = 0;
			knownRegions = (
				en,
			);
			mainGroup = F2CB0B801BD7A90200432562;
			productRefGroup = F2CB0B8A1BD7A90200432562 /* Products */;
			projectDirPath = "";
			projectRoot = "";
			targets = (
				F2CB0B881BD7A90200432562 /* FirstCPPFile */,
			);
		};
/* End PBXProject section */

/* Begin PBXSourcesBuildPhase section */
		F2CB0B851BD7A90200432562 /* Sources */ = {
			isa = PBXSourcesBuildPhase;
			buildActionMask = 2147483647;
			files = (
				F2BD65CA1BDB98C100D189F3 /* TwoDimensionalArrays.cpp in Sources */,
				F2BD65B81BDB37E400D189F3 /* PositiveOrNegative.cpp in Sources */,
				F2CB0BA21BD8531100432562 /* SwapTwoNumbers.cpp in Sources */,
				F2BD65BE1BDB3E0800D189F3 /* MultiplicationTables.cpp in Sources */,
				F2BD65CD1BDBA46300D189F3 /* StringPractice.cpp in Sources */,
				F2BD65C11BDB43F500D189F3 /* FindTheFactorial.cpp in Sources */,
				F2BD65C71BDB871900D189F3 /* Functions.cpp in Sources */,
				F2BD65B21BDB01B600D189F3 /* namePrinter.cpp in Sources */,
				F2CB0B9C1BD8463600432562 /* gallonToLiters.cpp in Sources */,
				F2CB0B991BD8138900432562 /* firstProgram.cpp in Sources */,
				F2BD65BB1BDB39E900D189F3 /* FindTheLargestNumber.cpp in Sources */,
				F2BD65B51BDB0B7A00D189F3 /* EscapeSequence.cpp in Sources */,
				F2BD65C41BDB5B5100D189F3 /* SwitchStatements.cpp in Sources */,
			);
			runOnlyForDeploymentPostprocessing = 0;
		};
/* End PBXSourcesBuildPhase section */

/* Begin XCBuildConfiguration section */
		F2CB0B8E1BD7A90200432562 /* Debug */ = {
			isa = XCBuildConfiguration;
			buildSettings = {
				ALWAYS_SEARCH_USER_PATHS = NO;
				CLANG_CXX_LANGUAGE_STANDARD = "gnu++0x";
				CLANG_CXX_LIBRARY = "libc++";
				CLANG_ENABLE_MODULES = YES;
				CLANG_ENABLE_OBJC_ARC = YES;
				CLANG_WARN_BOOL_CONVERSION = YES;
				CLANG_WARN_CONSTANT_CONVERSION = YES;
				CLANG_WARN_DIRECT_OBJC_ISA_USAGE = YES_ERROR;
				CLANG_WARN_EMPTY_BODY = YES;
				CLANG_WARN_ENUM_CONVERSION = YES;
				CLANG_WARN_INT_CONVERSION = YES;
				CLANG_WARN_OBJC_ROOT_CLASS = YES_ERROR;
				CLANG_WARN_UNREACHABLE_CODE = YES;
				CLANG_WARN__DUPLICATE_METHOD_MATCH = YES;
				COPY_PHASE_STRIP = NO;
				DEBUG_INFORMATION_FORMAT = dwarf;
				ENABLE_STRICT_OBJC_MSGSEND = YES;
				ENABLE_TESTABILITY = YES;
				GCC_C_LANGUAGE_STANDARD = gnu99;
				GCC_DYNAMIC_NO_PIC = NO;
				GCC_NO_COMMON_BLOCKS = YES;
				GCC_OPTIMIZATION_LEVEL = 0;
				GCC_PREPROCESSOR_DEFINITIONS = (
					"DEBUG=1",
					"$(inherited)",
				);
				GCC_WARN_64_TO_32_BIT_CONVERSION = YES;
				GCC_WARN_ABOUT_RETURN_TYPE = YES_ERROR;
				GCC_WARN_UNDECLARED_SELECTOR = YES;
				GCC_WARN_UNINITIALIZED_AUTOS = YES_AGGRESSIVE;
				GCC_WARN_UNUSED_FUNCTION = YES;
				GCC_WARN_UNUSED_VARIABLE = YES;
				MACOSX_DEPLOYMENT_TARGET = 10.11;
				MTL_ENABLE_DEBUG_INFO = YES;
				ONLY_ACTIVE_ARCH = YES;
				SDKROOT = macosx;
			};
			name = Debug;
		};
		F2CB0B8F1BD7A90200432562 /* Release */ = {
			isa = XCBuildConfiguration;
			buildSettings = {
				ALWAYS_SEARCH_USER_PATHS = NO;
				CLANG_CXX_LANGUAGE_STANDARD = "gnu++0x";
				CLANG_CXX_LIBRARY = "libc++";
				CLANG_ENABLE_MODULES = YES;
				CLANG_ENABLE_OBJC_ARC = YES;
				CLANG_WARN_BOOL_CONVERSION = YES;
				CLANG_WARN_CONSTANT_CONVERSION = YES;
				CLANG_WARN_DIRECT_OBJC_ISA_USAGE = YES_ERROR;
				CLANG_WARN_EMPTY_BODY = YES;
				CLANG_WARN_ENUM_CONVERSION = YES;
				CLANG_WARN_INT_CONVERSION = YES;
				CLANG_WARN_OBJC_ROOT_CLASS = YES_ERROR;
				CLANG_WARN_UNREACHABLE_CODE = YES;
				CLANG_WARN__DUPLICATE_METHOD_MATCH = YES;
				COPY_PHASE_STRIP = NO;
				DEBUG_INFORMATION_FORMAT = "dwarf-with-dsym";
				ENABLE_NS_ASSERTIONS = NO;
				ENABLE_STRICT_OBJC_MSGSEND = YES;
				GCC_C_LANGUAGE_STANDARD = gnu99;
				GCC_NO_COMMON_BLOCKS = YES;
				GCC_WARN_64_TO_32_BIT_CONVERSION = YES;
				GCC_WARN_ABOUT_RETURN_TYPE = YES_ERROR;
				GCC_WARN_UNDECLARED_SELECTOR = YES;
				GCC_WARN_UNINITIALIZED_AUTOS = YES_AGGRESSIVE;
				GCC_WARN_UNUSED_FUNCTION = YES;
				GCC_WARN_UNUSED_VARIABLE = YES;
				MACOSX_DEPLOYMENT_TARGET = 10.11;
				MTL_ENABLE_DEBUG_INFO = NO;
				SDKROOT = macosx;
			};
			name = Release;
		};
		F2CB0B911BD7A90200432562 /* Debug */ = {
			isa = XCBuildConfiguration;
			buildSettings = {
				PRODUCT_NAME = "$(TARGET_NAME)";
			};
			name = Debug;
		};
		F2CB0B921BD7A90200432562 /* Release */ = {
			isa = XCBuildConfiguration;
			buildSettings = {
				PRODUCT_NAME = "$(TARGET_NAME)";
			};
			name = Release;
		};
/* End XCBuildConfiguration section */

/* Begin XCConfigurationList section */
		F2CB0B841BD7A90200432562 /* Build configuration list for PBXProject "FirstCPPFile" */ = {
			isa = XCConfigurationList;
			buildConfigurations = (
				F2CB0B8E1BD7A90200432562 /* Debug */,
				F2CB0B8F1BD7A90200432562 /* Release */,
			);
			defaultConfigurationIsVisible = 0;
			defaultConfigurationName = Release;
		};
		F2CB0B901BD7A90200432562 /* Build configuration list for PBXNativeTarget "FirstCPPFile" */ = {
			isa = XCConfigurationList;
			buildConfigurations = (
				F2CB0B911BD7A90200432562 /* Debug */,
				F2CB0B921BD7A90200432562 /* Release */,
			);
			defaultConfigurationIsVisible = 0;
			defaultConfigurationName = Release;
		};
/* End XCConfigurationList section */
	};
	rootObject = F2CB0B811BD7A90200432562 /* Project object */;
}
